
Microsoft Visual Studio Solution File, Format Version 12.00
# Visual Studio Version 17
VisualStudioVersion = 17.5.33516.290
MinimumVisualStudioVersion = 10.0.40219.1
Project("{FAE04EC0-301F-11D3-BF4B-00C04F79EFBC}") = "LibraryManager", "LibraryManager\LibraryManager.csproj", "{C348415A-FD9B-41E1-9E60-19D969D4342F}"
EndProject
Global
	GlobalSection(SolutionConfigurationPlatforms) = preSolution
		Debug|Any CPU = Debug|Any CPU
		Release|Any CPU = Release|Any CPU
	EndGlobalSection
	GlobalSection(ProjectConfigurationPlatforms) = postSolution
		{C348415A-FD9B-41E1-9E60-19D969D4342F}.Debug|Any CPU.ActiveCfg = Debug|Any CPU
		{C348415A-FD9B-41E1-9E60-19D969D4342F}.Debug|Any CPU.Build.0 = Debug|Any CPU
		{C348415A-FD9B-41E1-9E60-19D969D4342F}.Release|Any CPU.ActiveCfg = Release|Any CPU
		{C348415A-FD9B-41E1-9E60-19D969D4342F}.Release|Any CPU.Build.0 = Release|Any CPU
	EndGlobalSection
	GlobalSection(SolutionProperties) = preSolution
		HideSolutionNode = FALSE
	EndGlobalSection
	GlobalSection(ExtensibilityGlobals) = postSolution
		SolutionGuid = {EDEA7C90-5430-4386-BA33-539599C2361E}
	EndGlobalSection
EndGlobal
